
Microsoft Visual Studio Solution File, Format Version 12.00
# Visual Studio 14
VisualStudioVersion = 14.0.25420.1
MinimumVisualStudioVersion = 10.0.40219.1
Project("{FAE04EC0-301F-11D3-BF4B-00C04F79EFBC}") = "Servidor", "Serie3\Servidor.csproj", "{146BB89A-F778-4AF0-9B31-F56D95CC891F}"
EndProject
Project("{FAE04EC0-301F-11D3-BF4B-00C04F79EFBC}") = "Cliente", "Cliente\Cliente.csproj", "{6E555EEF-25A0-4C85-9B5C-463102300BEA}"
EndProject
Global
	GlobalSection(SolutionConfigurationPlatforms) = preSolution
		Debug|Any CPU = Debug|Any CPU
		Release|Any CPU = Release|Any CPU
	EndGlobalSection
	GlobalSection(ProjectConfigurationPlatforms) = postSolution
		{146BB89A-F778-4AF0-9B31-F56D95CC891F}.Debug|Any CPU.ActiveCfg = Debug|Any CPU
		{146BB89A-F778-4AF0-9B31-F56D95CC891F}.Debug|Any CPU.Build.0 = Debug|Any CPU
		{146BB89A-F778-4AF0-9B31-F56D95CC891F}.Release|Any CPU.ActiveCfg = Release|Any CPU
		{146BB89A-F778-4AF0-9B31-F56D95CC891F}.Release|Any CPU.Build.0 = Release|Any CPU
		{6E555EEF-25A0-4C85-9B5C-463102300BEA}.Debug|Any CPU.ActiveCfg = Debug|Any CPU
		{6E555EEF-25A0-4C85-9B5C-463102300BEA}.Debug|Any CPU.Build.0 = Debug|Any CPU
		{6E555EEF-25A0-4C85-9B5C-463102300BEA}.Release|Any CPU.ActiveCfg = Release|Any CPU
		{6E555EEF-25A0-4C85-9B5C-463102300BEA}.Release|Any CPU.Build.0 = Release|Any CPU
	EndGlobalSection
	GlobalSection(SolutionProperties) = preSolution
		HideSolutionNode = FALSE
	EndGlobalSection
EndGlobal
