
Microsoft Visual Studio Solution File, Format Version 12.00
# Visual Studio 14
VisualStudioVersion = 14.0.25420.1
MinimumVisualStudioVersion = 10.0.40219.1
Project("{FAE04EC0-301F-11D3-BF4B-00C04F79EFBC}") = "ServidorAPM", "ServidorAPM\ServidorAPM.csproj", "{4A25B80B-0E0A-4CA7-8798-1774AA558712}"
EndProject
Project("{FAE04EC0-301F-11D3-BF4B-00C04F79EFBC}") = "TcpClient", "TcpClient\TcpClient.csproj", "{DE22D843-4A33-4E3C-8C89-A1B0FE292E30}"
EndProject
Global
	GlobalSection(SolutionConfigurationPlatforms) = preSolution
		Debug|Any CPU = Debug|Any CPU
		Release|Any CPU = Release|Any CPU
	EndGlobalSection
	GlobalSection(ProjectConfigurationPlatforms) = postSolution
		{4A25B80B-0E0A-4CA7-8798-1774AA558712}.Debug|Any CPU.ActiveCfg = Debug|Any CPU
		{4A25B80B-0E0A-4CA7-8798-1774AA558712}.Debug|Any CPU.Build.0 = Debug|Any CPU
		{4A25B80B-0E0A-4CA7-8798-1774AA558712}.Release|Any CPU.ActiveCfg = Release|Any CPU
		{4A25B80B-0E0A-4CA7-8798-1774AA558712}.Release|Any CPU.Build.0 = Release|Any CPU
		{DE22D843-4A33-4E3C-8C89-A1B0FE292E30}.Debug|Any CPU.ActiveCfg = Debug|Any CPU
		{DE22D843-4A33-4E3C-8C89-A1B0FE292E30}.Debug|Any CPU.Build.0 = Debug|Any CPU
		{DE22D843-4A33-4E3C-8C89-A1B0FE292E30}.Release|Any CPU.ActiveCfg = Release|Any CPU
		{DE22D843-4A33-4E3C-8C89-A1B0FE292E30}.Release|Any CPU.Build.0 = Release|Any CPU
	EndGlobalSection
	GlobalSection(SolutionProperties) = preSolution
		HideSolutionNode = FALSE
	EndGlobalSection
EndGlobal
